// !$*UTF8*$!
{
	archiveVersion = 1;
	classes = {
	};
	objectVersion = 46;
	objects = {

/* Begin PBXBuildFile section */
		4D846D421A157123002FE10D /* ListViewController.swift in Sources */ = {isa = PBXBuildFile; fileRef = 4D846D411A157123002FE10D /* ListViewController.swift */; };
		4D846D441A15716B002FE10D /* DataSet.swift in Sources */ = {isa = PBXBuildFile; fileRef = 4D846D431A15716B002FE10D /* DataSet.swift */; };
		4D846D461A157173002FE10D /* DataSetCollection.swift in Sources */ = {isa = PBXBuildFile; fileRef = 4D846D451A157173002FE10D /* DataSetCollection.swift */; };
		4D846D551A158930002FE10D /* Alamofire.framework in Copy Frameworks */ = {isa = PBXBuildFile; fileRef = 4D846D4F1A1588C6002FE10D /* Alamofire.framework */; settings = {ATTRIBUTES = (CodeSignOnCopy, RemoveHeadersOnCopy, ); }; };
		4D846D571A15898D002FE10D /* ExternalAPI.swift in Sources */ = {isa = PBXBuildFile; fileRef = 4D846D561A15898D002FE10D /* ExternalAPI.swift */; };
		4D846D5A1A158B72002FE10D /* SwiftyJSON.swift in Sources */ = {isa = PBXBuildFile; fileRef = 4D846D591A158B72002FE10D /* SwiftyJSON.swift */; };
		4D846D5C1A159313002FE10D /* ElementsCollection.swift in Sources */ = {isa = PBXBuildFile; fileRef = 4D846D5B1A159313002FE10D /* ElementsCollection.swift */; };
		4D846D5E1A159BD2002FE10D /* ListsCollection.swift in Sources */ = {isa = PBXBuildFile; fileRef = 4D846D5D1A159BD2002FE10D /* ListsCollection.swift */; };
		4D846D6C1A15C448002FE10D /* Image.swift in Sources */ = {isa = PBXBuildFile; fileRef = 4D846D6B1A15C448002FE10D /* Image.swift */; };
		4DEC88F71A156B580052B935 /* AppDelegate.swift in Sources */ = {isa = PBXBuildFile; fileRef = 4DEC88F61A156B580052B935 /* AppDelegate.swift */; };
		4DEC88FA1A156B580052B935 /* GeneratedApp.xcdatamodeld in Sources */ = {isa = PBXBuildFile; fileRef = 4DEC88F81A156B580052B935 /* GeneratedApp.xcdatamodeld */; };
		4DEC88FC1A156B580052B935 /* MainViewController.swift in Sources */ = {isa = PBXBuildFile; fileRef = 4DEC88FB1A156B580052B935 /* MainViewController.swift */; };
		4DEC88FF1A156B580052B935 /* Main.storyboard in Resources */ = {isa = PBXBuildFile; fileRef = 4DEC88FD1A156B580052B935 /* Main.storyboard */; };
		4DEC89011A156B580052B935 /* Images.xcassets in Resources */ = {isa = PBXBuildFile; fileRef = 4DEC89001A156B580052B935 /* Images.xcassets */; };
		4DEC89041A156B580052B935 /* LaunchScreen.xib in Resources */ = {isa = PBXBuildFile; fileRef = 4DEC89021A156B580052B935 /* LaunchScreen.xib */; };
		4DEC891A1A156B7F0052B935 /* PagesCollection.swift in Sources */ = {isa = PBXBuildFile; fileRef = 4DEC89191A156B7F0052B935 /* PagesCollection.swift */; };
		4DEC891C1A156B910052B935 /* PagesViewController.swift in Sources */ = {isa = PBXBuildFile; fileRef = 4DEC891B1A156B910052B935 /* PagesViewController.swift */; };
		90FD77701A1646210099E61F /* SystemConfiguration.framework in Frameworks */ = {isa = PBXBuildFile; fileRef = 90FD776F1A1646210099E61F /* SystemConfiguration.framework */; };
		90FD77731A16462C0099E61F /* StoreKit.framework in Frameworks */ = {isa = PBXBuildFile; fileRef = 90FD77721A16462C0099E61F /* StoreKit.framework */; };
		90FD77751A1646360099E61F /* Security.framework in Frameworks */ = {isa = PBXBuildFile; fileRef = 90FD77741A1646360099E61F /* Security.framework */; };
		90FD77771A1646440099E61F /* QuartzCore.framework in Frameworks */ = {isa = PBXBuildFile; fileRef = 90FD77761A1646440099E61F /* QuartzCore.framework */; };
		90FD77791A16464E0099E61F /* MobileCoreServices.framework in Frameworks */ = {isa = PBXBuildFile; fileRef = 90FD77781A16464E0099E61F /* MobileCoreServices.framework */; };
		90FD777B1A1646590099E61F /* libz.dylib in Frameworks */ = {isa = PBXBuildFile; fileRef = 90FD777A1A1646590099E61F /* libz.dylib */; };
		90FD777D1A1646630099E61F /* CoreLocation.framework in Frameworks */ = {isa = PBXBuildFile; fileRef = 90FD777C1A1646630099E61F /* CoreLocation.framework */; };
		90FD777F1A16466D0099E61F /* CoreGraphics.framework in Frameworks */ = {isa = PBXBuildFile; fileRef = 90FD777E1A16466D0099E61F /* CoreGraphics.framework */; };
		90FD77811A1646790099E61F /* CFNetwork.framework in Frameworks */ = {isa = PBXBuildFile; fileRef = 90FD77801A1646790099E61F /* CFNetwork.framework */; };
		90FD77831A1646840099E61F /* AudioToolbox.framework in Frameworks */ = {isa = PBXBuildFile; fileRef = 90FD77821A1646840099E61F /* AudioToolbox.framework */; };
		90FD778F1A164A950099E61F /* Bolts.framework in Frameworks */ = {isa = PBXBuildFile; fileRef = 90FD778B1A164A950099E61F /* Bolts.framework */; };
		90FD77901A164A950099E61F /* Parse.framework in Frameworks */ = {isa = PBXBuildFile; fileRef = 90FD778C1A164A950099E61F /* Parse.framework */; };
		90FD77911A164A950099E61F /* ParseFacebookUtils.framework in Frameworks */ = {isa = PBXBuildFile; fileRef = 90FD778D1A164A950099E61F /* ParseFacebookUtils.framework */; };
		90FD77921A164A950099E61F /* ParseUI.framework in Frameworks */ = {isa = PBXBuildFile; fileRef = 90FD778E1A164A950099E61F /* ParseUI.framework */; };
/* End PBXBuildFile section */

/* Begin PBXContainerItemProxy section */
		4D846D4E1A1588C6002FE10D /* PBXContainerItemProxy */ = {
			isa = PBXContainerItemProxy;
			containerPortal = 4D846D491A1588C5002FE10D /* Alamofire.xcodeproj */;
			proxyType = 2;
			remoteGlobalIDString = F8111E3319A95C8B0040E7D1;
			remoteInfo = Alamofire;
		};
		4D846D501A1588C6002FE10D /* PBXContainerItemProxy */ = {
			isa = PBXContainerItemProxy;
			containerPortal = 4D846D491A1588C5002FE10D /* Alamofire.xcodeproj */;
			proxyType = 2;
			remoteGlobalIDString = F8111E3E19A95C8B0040E7D1;
			remoteInfo = AlamofireTests;
		};
		4D846D521A1588F5002FE10D /* PBXContainerItemProxy */ = {
			isa = PBXContainerItemProxy;
			containerPortal = 4D846D491A1588C5002FE10D /* Alamofire.xcodeproj */;
			proxyType = 1;
			remoteGlobalIDString = F8111E3219A95C8B0040E7D1;
			remoteInfo = Alamofire;
		};
/* End PBXContainerItemProxy section */

/* Begin PBXCopyFilesBuildPhase section */
		4D846D541A15891A002FE10D /* Copy Frameworks */ = {
			isa = PBXCopyFilesBuildPhase;
			buildActionMask = 2147483647;
			dstPath = "";
			dstSubfolderSpec = 10;
			files = (
				4D846D551A158930002FE10D /* Alamofire.framework in Copy Frameworks */,
			);
			name = "Copy Frameworks";
			runOnlyForDeploymentPostprocessing = 0;
		};
/* End PBXCopyFilesBuildPhase section */

/* Begin PBXFileReference section */
		4D846D411A157123002FE10D /* ListViewController.swift */ = {isa = PBXFileReference; fileEncoding = 4; lastKnownFileType = sourcecode.swift; path = ListViewController.swift; sourceTree = "<group>"; };
		4D846D431A15716B002FE10D /* DataSet.swift */ = {isa = PBXFileReference; fileEncoding = 4; lastKnownFileType = sourcecode.swift; path = DataSet.swift; sourceTree = "<group>"; };
		4D846D451A157173002FE10D /* DataSetCollection.swift */ = {isa = PBXFileReference; fileEncoding = 4; lastKnownFileType = sourcecode.swift; path = DataSetCollection.swift; sourceTree = "<group>"; };
		4D846D491A1588C5002FE10D /* Alamofire.xcodeproj */ = {isa = PBXFileReference; lastKnownFileType = "wrapper.pb-project"; name = Alamofire.xcodeproj; path = Alamofire/Alamofire.xcodeproj; sourceTree = "<group>"; };
		4D846D561A15898D002FE10D /* ExternalAPI.swift */ = {isa = PBXFileReference; fileEncoding = 4; lastKnownFileType = sourcecode.swift; path = ExternalAPI.swift; sourceTree = "<group>"; };
		4D846D591A158B72002FE10D /* SwiftyJSON.swift */ = {isa = PBXFileReference; fileEncoding = 4; lastKnownFileType = sourcecode.swift; path = SwiftyJSON.swift; sourceTree = "<group>"; };
		4D846D5B1A159313002FE10D /* ElementsCollection.swift */ = {isa = PBXFileReference; fileEncoding = 4; lastKnownFileType = sourcecode.swift; path = ElementsCollection.swift; sourceTree = "<group>"; };
		4D846D5D1A159BD2002FE10D /* ListsCollection.swift */ = {isa = PBXFileReference; fileEncoding = 4; lastKnownFileType = sourcecode.swift; path = ListsCollection.swift; sourceTree = "<group>"; };
		4D846D6B1A15C448002FE10D /* Image.swift */ = {isa = PBXFileReference; fileEncoding = 4; lastKnownFileType = sourcecode.swift; path = Image.swift; sourceTree = "<group>"; };
		4DEC88F11A156B580052B935 /* GeneratedApp.app */ = {isa = PBXFileReference; explicitFileType = wrapper.application; includeInIndex = 0; path = GeneratedApp.app; sourceTree = BUILT_PRODUCTS_DIR; };
		4DEC88F51A156B580052B935 /* Info.plist */ = {isa = PBXFileReference; lastKnownFileType = text.plist.xml; path = Info.plist; sourceTree = "<group>"; };
		4DEC88F61A156B580052B935 /* AppDelegate.swift */ = {isa = PBXFileReference; lastKnownFileType = sourcecode.swift; path = AppDelegate.swift; sourceTree = "<group>"; };
		4DEC88F91A156B580052B935 /* GeneratedApp.xcdatamodel */ = {isa = PBXFileReference; lastKnownFileType = wrapper.xcdatamodel; path = GeneratedApp.xcdatamodel; sourceTree = "<group>"; };
		4DEC88FB1A156B580052B935 /* MainViewController.swift */ = {isa = PBXFileReference; lastKnownFileType = sourcecode.swift; path = MainViewController.swift; sourceTree = "<group>"; };
		4DEC88FE1A156B580052B935 /* Base */ = {isa = PBXFileReference; lastKnownFileType = file.storyboard; name = Base; path = Base.lproj/Main.storyboard; sourceTree = "<group>"; };
		4DEC89001A156B580052B935 /* Images.xcassets */ = {isa = PBXFileReference; lastKnownFileType = folder.assetcatalog; path = Images.xcassets; sourceTree = "<group>"; };
		4DEC89031A156B580052B935 /* Base */ = {isa = PBXFileReference; lastKnownFileType = file.xib; name = Base; path = Base.lproj/LaunchScreen.xib; sourceTree = "<group>"; };
		4DEC89191A156B7F0052B935 /* PagesCollection.swift */ = {isa = PBXFileReference; fileEncoding = 4; lastKnownFileType = sourcecode.swift; path = PagesCollection.swift; sourceTree = "<group>"; };
		4DEC891B1A156B910052B935 /* PagesViewController.swift */ = {isa = PBXFileReference; fileEncoding = 4; lastKnownFileType = sourcecode.swift; path = PagesViewController.swift; sourceTree = "<group>"; };
		90FD776F1A1646210099E61F /* SystemConfiguration.framework */ = {isa = PBXFileReference; lastKnownFileType = wrapper.framework; name = SystemConfiguration.framework; path = System/Library/Frameworks/SystemConfiguration.framework; sourceTree = SDKROOT; };
		90FD77721A16462C0099E61F /* StoreKit.framework */ = {isa = PBXFileReference; lastKnownFileType = wrapper.framework; name = StoreKit.framework; path = System/Library/Frameworks/StoreKit.framework; sourceTree = SDKROOT; };
		90FD77741A1646360099E61F /* Security.framework */ = {isa = PBXFileReference; lastKnownFileType = wrapper.framework; name = Security.framework; path = System/Library/Frameworks/Security.framework; sourceTree = SDKROOT; };
		90FD77761A1646440099E61F /* QuartzCore.framework */ = {isa = PBXFileReference; lastKnownFileType = wrapper.framework; name = QuartzCore.framework; path = System/Library/Frameworks/QuartzCore.framework; sourceTree = SDKROOT; };
		90FD77781A16464E0099E61F /* MobileCoreServices.framework */ = {isa = PBXFileReference; lastKnownFileType = wrapper.framework; name = MobileCoreServices.framework; path = System/Library/Frameworks/MobileCoreServices.framework; sourceTree = SDKROOT; };
		90FD777A1A1646590099E61F /* libz.dylib */ = {isa = PBXFileReference; lastKnownFileType = "compiled.mach-o.dylib"; name = libz.dylib; path = usr/lib/libz.dylib; sourceTree = SDKROOT; };
		90FD777C1A1646630099E61F /* CoreLocation.framework */ = {isa = PBXFileReference; lastKnownFileType = wrapper.framework; name = CoreLocation.framework; path = System/Library/Frameworks/CoreLocation.framework; sourceTree = SDKROOT; };
		90FD777E1A16466D0099E61F /* CoreGraphics.framework */ = {isa = PBXFileReference; lastKnownFileType = wrapper.framework; name = CoreGraphics.framework; path = System/Library/Frameworks/CoreGraphics.framework; sourceTree = SDKROOT; };
		90FD77801A1646790099E61F /* CFNetwork.framework */ = {isa = PBXFileReference; lastKnownFileType = wrapper.framework; name = CFNetwork.framework; path = System/Library/Frameworks/CFNetwork.framework; sourceTree = SDKROOT; };
		90FD77821A1646840099E61F /* AudioToolbox.framework */ = {isa = PBXFileReference; lastKnownFileType = wrapper.framework; name = AudioToolbox.framework; path = System/Library/Frameworks/AudioToolbox.framework; sourceTree = SDKROOT; };
		90FD778B1A164A950099E61F /* Bolts.framework */ = {isa = PBXFileReference; lastKnownFileType = wrapper.framework; path = Bolts.framework; sourceTree = "<group>"; };
		90FD778C1A164A950099E61F /* Parse.framework */ = {isa = PBXFileReference; lastKnownFileType = wrapper.framework; path = Parse.framework; sourceTree = "<group>"; };
		90FD778D1A164A950099E61F /* ParseFacebookUtils.framework */ = {isa = PBXFileReference; lastKnownFileType = wrapper.framework; path = ParseFacebookUtils.framework; sourceTree = "<group>"; };
		90FD778E1A164A950099E61F /* ParseUI.framework */ = {isa = PBXFileReference; lastKnownFileType = wrapper.framework; path = ParseUI.framework; sourceTree = "<group>"; };
/* End PBXFileReference section */

/* Begin PBXFrameworksBuildPhase section */
		4DEC88EE1A156B580052B935 /* Frameworks */ = {
			isa = PBXFrameworksBuildPhase;
			buildActionMask = 2147483647;
			files = (
				90FD77831A1646840099E61F /* AudioToolbox.framework in Frameworks */,
				90FD77811A1646790099E61F /* CFNetwork.framework in Frameworks */,
				90FD77921A164A950099E61F /* ParseUI.framework in Frameworks */,
				90FD777F1A16466D0099E61F /* CoreGraphics.framework in Frameworks */,
				90FD777D1A1646630099E61F /* CoreLocation.framework in Frameworks */,
				90FD777B1A1646590099E61F /* libz.dylib in Frameworks */,
				90FD77791A16464E0099E61F /* MobileCoreServices.framework in Frameworks */,
				90FD77771A1646440099E61F /* QuartzCore.framework in Frameworks */,
				90FD77751A1646360099E61F /* Security.framework in Frameworks */,
				90FD778F1A164A950099E61F /* Bolts.framework in Frameworks */,
				90FD77731A16462C0099E61F /* StoreKit.framework in Frameworks */,
				90FD77901A164A950099E61F /* Parse.framework in Frameworks */,
				90FD77701A1646210099E61F /* SystemConfiguration.framework in Frameworks */,
				90FD77911A164A950099E61F /* ParseFacebookUtils.framework in Frameworks */,
			);
			runOnlyForDeploymentPostprocessing = 0;
		};
/* End PBXFrameworksBuildPhase section */

/* Begin PBXGroup section */
		4D846D471A158444002FE10D /* Collections */ = {
			isa = PBXGroup;
			children = (
				4D846D5D1A159BD2002FE10D /* ListsCollection.swift */,
				4D846D5B1A159313002FE10D /* ElementsCollection.swift */,
				4DEC89191A156B7F0052B935 /* PagesCollection.swift */,
				4D846D451A157173002FE10D /* DataSetCollection.swift */,
			);
			name = Collections;
			sourceTree = "<group>";
		};
		4D846D481A15845D002FE10D /* Classes */ = {
			isa = PBXGroup;
			children = (
				4D846D431A15716B002FE10D /* DataSet.swift */,
				4D846D561A15898D002FE10D /* ExternalAPI.swift */,
				4D846D411A157123002FE10D /* ListViewController.swift */,
				4D846D6B1A15C448002FE10D /* Image.swift */,
				4DEC891B1A156B910052B935 /* PagesViewController.swift */,
			);
			name = Classes;
			sourceTree = "<group>";
		};
		4D846D4A1A1588C5002FE10D /* Products */ = {
			isa = PBXGroup;
			children = (
				4D846D4F1A1588C6002FE10D /* Alamofire.framework */,
				4D846D511A1588C6002FE10D /* AlamofireTests.xctest */,
			);
			name = Products;
			sourceTree = "<group>";
		};
		4DEC88E81A156B580052B935 = {
			isa = PBXGroup;
			children = (
				90FD778A1A164A950099E61F /* parse-library-1-2 */,
				90FD77821A1646840099E61F /* AudioToolbox.framework */,
				90FD77801A1646790099E61F /* CFNetwork.framework */,
				90FD777E1A16466D0099E61F /* CoreGraphics.framework */,
				90FD777C1A1646630099E61F /* CoreLocation.framework */,
				90FD777A1A1646590099E61F /* libz.dylib */,
				90FD77781A16464E0099E61F /* MobileCoreServices.framework */,
				90FD77761A1646440099E61F /* QuartzCore.framework */,
				90FD77741A1646360099E61F /* Security.framework */,
				90FD77721A16462C0099E61F /* StoreKit.framework */,
				90FD776F1A1646210099E61F /* SystemConfiguration.framework */,
				4D846D491A1588C5002FE10D /* Alamofire.xcodeproj */,
				4DEC88F31A156B580052B935 /* GeneratedApp */,
				4DEC88F21A156B580052B935 /* Products */,
			);
			sourceTree = "<group>";
		};
		4DEC88F21A156B580052B935 /* Products */ = {
			isa = PBXGroup;
			children = (
				4DEC88F11A156B580052B935 /* GeneratedApp.app */,
			);
			name = Products;
			sourceTree = "<group>";
		};
		4DEC88F31A156B580052B935 /* GeneratedApp */ = {
			isa = PBXGroup;
			children = (
				4D846D591A158B72002FE10D /* SwiftyJSON.swift */,
				4D846D481A15845D002FE10D /* Classes */,
				4D846D471A158444002FE10D /* Collections */,
				4DEC88F61A156B580052B935 /* AppDelegate.swift */,
				4DEC88FB1A156B580052B935 /* MainViewController.swift */,
				4DEC88FD1A156B580052B935 /* Main.storyboard */,
				4DEC89001A156B580052B935 /* Images.xcassets */,
				4DEC89021A156B580052B935 /* LaunchScreen.xib */,
				4DEC88F41A156B580052B935 /* Supporting Files */,
				4DEC88F81A156B580052B935 /* GeneratedApp.xcdatamodeld */,
			);
			path = GeneratedApp;
			sourceTree = "<group>";
		};
		4DEC88F41A156B580052B935 /* Supporting Files */ = {
			isa = PBXGroup;
			children = (
				4DEC88F51A156B580052B935 /* Info.plist */,
			);
			name = "Supporting Files";
			sourceTree = "<group>";
		};
		90FD778A1A164A950099E61F /* parse-library-1-2 */ = {
			isa = PBXGroup;
			children = (
				90FD778B1A164A950099E61F /* Bolts.framework */,
				90FD778C1A164A950099E61F /* Parse.framework */,
				90FD778D1A164A950099E61F /* ParseFacebookUtils.framework */,
				90FD778E1A164A950099E61F /* ParseUI.framework */,
			);
			path = "parse-library-1-2";
			sourceTree = "<group>";
		};
/* End PBXGroup section */

/* Begin PBXNativeTarget section */
		4DEC88F01A156B580052B935 /* GeneratedApp */ = {
			isa = PBXNativeTarget;
			buildConfigurationList = 4DEC89131A156B580052B935 /* Build configuration list for PBXNativeTarget "GeneratedApp" */;
			buildPhases = (
				4DEC88ED1A156B580052B935 /* Sources */,
				4DEC88EE1A156B580052B935 /* Frameworks */,
				4DEC88EF1A156B580052B935 /* Resources */,
				4D846D541A15891A002FE10D /* Copy Frameworks */,
			);
			buildRules = (
			);
			dependencies = (
				4D846D531A1588F5002FE10D /* PBXTargetDependency */,
			);
			name = GeneratedApp;
			productName = GeneratedApp;
			productReference = 4DEC88F11A156B580052B935 /* GeneratedApp.app */;
			productType = "com.apple.product-type.application";
		};
/* End PBXNativeTarget section */

/* Begin PBXProject section */
		4DEC88E91A156B580052B935 /* Project object */ = {
			isa = PBXProject;
			attributes = {
				LastUpgradeCheck = 0610;
				ORGANIZATIONNAME = "Team Goat";
				TargetAttributes = {
					4DEC88F01A156B580052B935 = {
						CreatedOnToolsVersion = 6.1;
					};
				};
			};
			buildConfigurationList = 4DEC88EC1A156B580052B935 /* Build configuration list for PBXProject "GeneratedApp" */;
			compatibilityVersion = "Xcode 3.2";
			developmentRegion = English;
			hasScannedForEncodings = 0;
			knownRegions = (
				en,
				Base,
			);
			mainGroup = 4DEC88E81A156B580052B935;
			productRefGroup = 4DEC88F21A156B580052B935 /* Products */;
			projectDirPath = "";
			projectReferences = (
				{
					ProductGroup = 4D846D4A1A1588C5002FE10D /* Products */;
					ProjectRef = 4D846D491A1588C5002FE10D /* Alamofire.xcodeproj */;
				},
			);
			projectRoot = "";
			targets = (
				4DEC88F01A156B580052B935 /* GeneratedApp */,
			);
		};
/* End PBXProject section */

/* Begin PBXReferenceProxy section */
		4D846D4F1A1588C6002FE10D /* Alamofire.framework */ = {
			isa = PBXReferenceProxy;
			fileType = wrapper.framework;
			path = Alamofire.framework;
			remoteRef = 4D846D4E1A1588C6002FE10D /* PBXContainerItemProxy */;
			sourceTree = BUILT_PRODUCTS_DIR;
		};
		4D846D511A1588C6002FE10D /* AlamofireTests.xctest */ = {
			isa = PBXReferenceProxy;
			fileType = wrapper.cfbundle;
			path = AlamofireTests.xctest;
			remoteRef = 4D846D501A1588C6002FE10D /* PBXContainerItemProxy */;
			sourceTree = BUILT_PRODUCTS_DIR;
		};
/* End PBXReferenceProxy section */

/* Begin PBXResourcesBuildPhase section */
		4DEC88EF1A156B580052B935 /* Resources */ = {
			isa = PBXResourcesBuildPhase;
			buildActionMask = 2147483647;
			files = (
				4DEC88FF1A156B580052B935 /* Main.storyboard in Resources */,
				4DEC89041A156B580052B935 /* LaunchScreen.xib in Resources */,
				4DEC89011A156B580052B935 /* Images.xcassets in Resources */,
			);
			runOnlyForDeploymentPostprocessing = 0;
		};
/* End PBXResourcesBuildPhase section */

/* Begin PBXSourcesBuildPhase section */
		4DEC88ED1A156B580052B935 /* Sources */ = {
			isa = PBXSourcesBuildPhase;
			buildActionMask = 2147483647;
			files = (
				4D846D571A15898D002FE10D /* ExternalAPI.swift in Sources */,
				4DEC891A1A156B7F0052B935 /* PagesCollection.swift in Sources */,
				4DEC88FC1A156B580052B935 /* MainViewController.swift in Sources */,
				4D846D5E1A159BD2002FE10D /* ListsCollection.swift in Sources */,
				4D846D5C1A159313002FE10D /* ElementsCollection.swift in Sources */,
				4D846D5A1A158B72002FE10D /* SwiftyJSON.swift in Sources */,
				4D846D6C1A15C448002FE10D /* Image.swift in Sources */,
				4DEC891C1A156B910052B935 /* PagesViewController.swift in Sources */,
				4DEC88F71A156B580052B935 /* AppDelegate.swift in Sources */,
				4DEC88FA1A156B580052B935 /* GeneratedApp.xcdatamodeld in Sources */,
				4D846D461A157173002FE10D /* DataSetCollection.swift in Sources */,
				4D846D441A15716B002FE10D /* DataSet.swift in Sources */,
				4D846D421A157123002FE10D /* ListViewController.swift in Sources */,
			);
			runOnlyForDeploymentPostprocessing = 0;
		};
/* End PBXSourcesBuildPhase section */

/* Begin PBXTargetDependency section */
		4D846D531A1588F5002FE10D /* PBXTargetDependency */ = {
			isa = PBXTargetDependency;
			name = Alamofire;
			targetProxy = 4D846D521A1588F5002FE10D /* PBXContainerItemProxy */;
		};
/* End PBXTargetDependency section */

/* Begin PBXVariantGroup section */
		4DEC88FD1A156B580052B935 /* Main.storyboard */ = {
			isa = PBXVariantGroup;
			children = (
				4DEC88FE1A156B580052B935 /* Base */,
			);
			name = Main.storyboard;
			sourceTree = "<group>";
		};
		4DEC89021A156B580052B935 /* LaunchScreen.xib */ = {
			isa = PBXVariantGroup;
			children = (
				4DEC89031A156B580052B935 /* Base */,
			);
			name = LaunchScreen.xib;
			sourceTree = "<group>";
		};
/* End PBXVariantGroup section */

/* Begin XCBuildConfiguration section */
		4DEC89111A156B580052B935 /* Debug */ = {
			isa = XCBuildConfiguration;
			buildSettings = {
				ALWAYS_SEARCH_USER_PATHS = NO;
				CLANG_CXX_LANGUAGE_STANDARD = "gnu++0x";
				CLANG_CXX_LIBRARY = "libc++";
				CLANG_ENABLE_MODULES = YES;
				CLANG_ENABLE_OBJC_ARC = YES;
				CLANG_WARN_BOOL_CONVERSION = YES;
				CLANG_WARN_CONSTANT_CONVERSION = YES;
				CLANG_WARN_DIRECT_OBJC_ISA_USAGE = YES_ERROR;
				CLANG_WARN_EMPTY_BODY = YES;
				CLANG_WARN_ENUM_CONVERSION = YES;
				CLANG_WARN_INT_CONVERSION = YES;
				CLANG_WARN_OBJC_ROOT_CLASS = YES_ERROR;
				CLANG_WARN_UNREACHABLE_CODE = YES;
				CLANG_WARN__DUPLICATE_METHOD_MATCH = YES;
				"CODE_SIGN_IDENTITY[sdk=iphoneos*]" = "iPhone Developer";
				COPY_PHASE_STRIP = NO;
				ENABLE_STRICT_OBJC_MSGSEND = YES;
				GCC_C_LANGUAGE_STANDARD = gnu99;
				GCC_DYNAMIC_NO_PIC = NO;
				GCC_OPTIMIZATION_LEVEL = 0;
				GCC_PREPROCESSOR_DEFINITIONS = (
					"DEBUG=1",
					"$(inherited)",
				);
				GCC_SYMBOLS_PRIVATE_EXTERN = NO;
				GCC_WARN_64_TO_32_BIT_CONVERSION = YES;
				GCC_WARN_ABOUT_RETURN_TYPE = YES_ERROR;
				GCC_WARN_UNDECLARED_SELECTOR = YES;
				GCC_WARN_UNINITIALIZED_AUTOS = YES_AGGRESSIVE;
				GCC_WARN_UNUSED_FUNCTION = YES;
				GCC_WARN_UNUSED_VARIABLE = YES;
				IPHONEOS_DEPLOYMENT_TARGET = 8.1;
				MTL_ENABLE_DEBUG_INFO = YES;
				ONLY_ACTIVE_ARCH = YES;
				SDKROOT = iphoneos;
				SWIFT_OPTIMIZATION_LEVEL = "-Onone";
				TARGETED_DEVICE_FAMILY = "1,2";
			};
			name = Debug;
		};
		4DEC89121A156B580052B935 /* Release */ = {
			isa = XCBuildConfiguration;
			buildSettings = {
				ALWAYS_SEARCH_USER_PATHS = NO;
				CLANG_CXX_LANGUAGE_STANDARD = "gnu++0x";
				CLANG_CXX_LIBRARY = "libc++";
				CLANG_ENABLE_MODULES = YES;
				CLANG_ENABLE_OBJC_ARC = YES;
				CLANG_WARN_BOOL_CONVERSION = YES;
				CLANG_WARN_CONSTANT_CONVERSION = YES;
				CLANG_WARN_DIRECT_OBJC_ISA_USAGE = YES_ERROR;
				CLANG_WARN_EMPTY_BODY = YES;
				CLANG_WARN_ENUM_CONVERSION = YES;
				CLANG_WARN_INT_CONVERSION = YES;
				CLANG_WARN_OBJC_ROOT_CLASS = YES_ERROR;
				CLANG_WARN_UNREACHABLE_CODE = YES;
				CLANG_WARN__DUPLICATE_METHOD_MATCH = YES;
				"CODE_SIGN_IDENTITY[sdk=iphoneos*]" = "iPhone Developer";
				COPY_PHASE_STRIP = YES;
				ENABLE_NS_ASSERTIONS = NO;
				ENABLE_STRICT_OBJC_MSGSEND = YES;
				GCC_C_LANGUAGE_STANDARD = gnu99;
				GCC_WARN_64_TO_32_BIT_CONVERSION = YES;
				GCC_WARN_ABOUT_RETURN_TYPE = YES_ERROR;
				GCC_WARN_UNDECLARED_SELECTOR = YES;
				GCC_WARN_UNINITIALIZED_AUTOS = YES_AGGRESSIVE;
				GCC_WARN_UNUSED_FUNCTION = YES;
				GCC_WARN_UNUSED_VARIABLE = YES;
				IPHONEOS_DEPLOYMENT_TARGET = 8.1;
				MTL_ENABLE_DEBUG_INFO = NO;
				SDKROOT = iphoneos;
				TARGETED_DEVICE_FAMILY = "1,2";
				VALIDATE_PRODUCT = YES;
			};
			name = Release;
		};
		4DEC89141A156B580052B935 /* Debug */ = {
			isa = XCBuildConfiguration;
			buildSettings = {
				ASSETCATALOG_COMPILER_APPICON_NAME = AppIcon;
				FRAMEWORK_SEARCH_PATHS = (
					"$(inherited)",
					"$(PROJECT_DIR)",
					"$(PROJECT_DIR)/parse-library-1-2",
				);
				INFOPLIST_FILE = GeneratedApp/Info.plist;
				LD_RUNPATH_SEARCH_PATHS = "$(inherited) @executable_path/Frameworks";
				PRODUCT_NAME = "$(TARGET_NAME)";
			};
			name = Debug;
		};
		4DEC89151A156B580052B935 /* Release */ = {
			isa = XCBuildConfiguration;
			buildSettings = {
				ASSETCATALOG_COMPILER_APPICON_NAME = AppIcon;
				FRAMEWORK_SEARCH_PATHS = (
					"$(inherited)",
					"$(PROJECT_DIR)",
					"$(PROJECT_DIR)/parse-library-1-2",
				);
				INFOPLIST_FILE = GeneratedApp/Info.plist;
				LD_RUNPATH_SEARCH_PATHS = "$(inherited) @executable_path/Frameworks";
				PRODUCT_NAME = "$(TARGET_NAME)";
			};
			name = Release;
		};
/* End XCBuildConfiguration section */

/* Begin XCConfigurationList section */
		4DEC88EC1A156B580052B935 /* Build configuration list for PBXProject "GeneratedApp" */ = {
			isa = XCConfigurationList;
			buildConfigurations = (
				4DEC89111A156B580052B935 /* Debug */,
				4DEC89121A156B580052B935 /* Release */,
			);
			defaultConfigurationIsVisible = 0;
			defaultConfigurationName = Release;
		};
		4DEC89131A156B580052B935 /* Build configuration list for PBXNativeTarget "GeneratedApp" */ = {
			isa = XCConfigurationList;
			buildConfigurations = (
				4DEC89141A156B580052B935 /* Debug */,
				4DEC89151A156B580052B935 /* Release */,
			);
			defaultConfigurationIsVisible = 0;
			defaultConfigurationName = Release;
		};
/* End XCConfigurationList section */

/* Begin XCVersionGroup section */
		4DEC88F81A156B580052B935 /* GeneratedApp.xcdatamodeld */ = {
			isa = XCVersionGroup;
			children = (
				4DEC88F91A156B580052B935 /* GeneratedApp.xcdatamodel */,
			);
			currentVersion = 4DEC88F91A156B580052B935 /* GeneratedApp.xcdatamodel */;
			path = GeneratedApp.xcdatamodeld;
			sourceTree = "<group>";
			versionGroupType = wrapper.xcdatamodel;
		};
/* End XCVersionGroup section */
	};
	rootObject = 4DEC88E91A156B580052B935 /* Project object */;
}
